Microsoft Visual Studio Solution File, Format Version 11.00
# Visual Studio 2008

Project("{7690A223-C3B6-2417-F09C-053BD6D80A2F}") = "first2dproject", "Assembly-CSharp.csproj", "{E3FEB470-E2AF-1FB7-BF48-FE249A38F2B8}"
EndProject
Project("{7690A223-C3B6-2417-F09C-053BD6D80A2F}") = "first2dproject", "Assembly-CSharp-Editor.csproj", "{1F67E700-66A0-2CF1-90F0-0F988501AB21}"
EndProject
Global
	GlobalSection(SolutionConfigurationPlatforms) = preSolution
		Debug|Any CPU = Debug|Any CPU
		Release|Any CPU = Release|Any CPU
	EndGlobalSection
	GlobalSection(ProjectConfigurationPlatforms) = postSolution
		{E3FEB470-E2AF-1FB7-BF48-FE249A38F2B8}.Debug|Any CPU.ActiveCfg = Debug|Any CPU
		{E3FEB470-E2AF-1FB7-BF48-FE249A38F2B8}.Debug|Any CPU.Build.0 = Debug|Any CPU
		{E3FEB470-E2AF-1FB7-BF48-FE249A38F2B8}.Release|Any CPU.ActiveCfg = Release|Any CPU
		{E3FEB470-E2AF-1FB7-BF48-FE249A38F2B8}.Release|Any CPU.Build.0 = Release|Any CPU
		{1F67E700-66A0-2CF1-90F0-0F988501AB21}.Debug|Any CPU.ActiveCfg = Debug|Any CPU
		{1F67E700-66A0-2CF1-90F0-0F988501AB21}.Debug|Any CPU.Build.0 = Debug|Any CPU
		{1F67E700-66A0-2CF1-90F0-0F988501AB21}.Release|Any CPU.ActiveCfg = Release|Any CPU
		{1F67E700-66A0-2CF1-90F0-0F988501AB21}.Release|Any CPU.Build.0 = Release|Any CPU
	EndGlobalSection
	GlobalSection(SolutionProperties) = preSolution
		HideSolutionNode = FALSE
	EndGlobalSection
	GlobalSection(MonoDevelopProperties) = preSolution
		StartupItem = Assembly-CSharp.csproj
	EndGlobalSection
EndGlobal
